
Microsoft Visual Studio Solution File, Format Version 12.00
# Visual Studio 15
Project("{FAE04EC0-301F-11D3-BF4B-00C04F79EFBC}") = "Assembly-CSharp", "Assembly-CSharp.csproj", "{8D73D7D9-1E6E-B21B-A507-20AD53A16516}"
EndProject
Project("{FAE04EC0-301F-11D3-BF4B-00C04F79EFBC}") = "Assembly-CSharp-Editor", "Assembly-CSharp-Editor.csproj", "{9503CF87-2167-8AC6-A062-A51569C78FC2}"
EndProject
Global
	GlobalSection(SolutionConfigurationPlatforms) = preSolution
		Debug|Any CPU = Debug|Any CPU
		Release|Any CPU = Release|Any CPU
	EndGlobalSection
	GlobalSection(ProjectConfigurationPlatforms) = postSolution
		{8D73D7D9-1E6E-B21B-A507-20AD53A16516}.Debug|Any CPU.ActiveCfg = Debug|Any CPU
		{8D73D7D9-1E6E-B21B-A507-20AD53A16516}.Debug|Any CPU.Build.0 = Debug|Any CPU
		{8D73D7D9-1E6E-B21B-A507-20AD53A16516}.Release|Any CPU.ActiveCfg = Release|Any CPU
		{8D73D7D9-1E6E-B21B-A507-20AD53A16516}.Release|Any CPU.Build.0 = Release|Any CPU
		{9503CF87-2167-8AC6-A062-A51569C78FC2}.Debug|Any CPU.ActiveCfg = Debug|Any CPU
		{9503CF87-2167-8AC6-A062-A51569C78FC2}.Debug|Any CPU.Build.0 = Debug|Any CPU
		{9503CF87-2167-8AC6-A062-A51569C78FC2}.Release|Any CPU.ActiveCfg = Release|Any CPU
		{9503CF87-2167-8AC6-A062-A51569C78FC2}.Release|Any CPU.Build.0 = Release|Any CPU
	EndGlobalSection
	GlobalSection(SolutionProperties) = preSolution
		HideSolutionNode = FALSE
	EndGlobalSection
EndGlobal
